{
  "version": 4,
  "terraform_version": "1.13.2",
  "serial": 4,
  "lineage": "7e1216ed-90a0-7f7d-bc57-e94252ca6368",
  "outputs": {},
  "resources": [
    {
      "mode": "managed",
      "type": "local_file",
      "name": "firstprovision",
      "provider": "provider[\"registry.terraform.io/hashicorp/local\"]",
      "instances": [
        {
          "schema_version": 0,
          "attributes": {
            "content": "This is my first provisioning configuration",
            "content_base64": null,
            "content_base64sha256": "NKWtSw3nn0w+gFax/epQI8ZNW8ewD0rN+8aEaS0Qt/8=",
            "content_base64sha512": "IL+qrLc5q0rzkYa5lHy/ZsUN1Wzx+2Y7EP2/qhQnndY9QbgiX26y1BUY/HmSOOB++HRewbzks8VUeN70d+dFKw==",
            "content_md5": "2a81a72fad7937123c5744c76bb1052e",
            "content_sha1": "a4133c6cde8011171ded39ead0356661cf6d6b4a",
            "content_sha256": "34a5ad4b0de79f4c3e8056b1fdea5023c64d5bc7b00f4acdfbc684692d10b7ff",
            "content_sha512": "20bfaaacb739ab4af39186b9947cbf66c50dd56cf1fb663b10fdbfaa14279dd63d41b8225f6eb2d41518fc799238e07ef8745ec1bce4b3c55478def477e7452b",
            "directory_permission": "0777",
            "file_permission": "700",
            "filename": "/Users/shravan/My_data/terraform_provision/firstprovision.txt",
            "id": "a4133c6cde8011171ded39ead0356661cf6d6b4a",
            "sensitive_content": null,
            "source": null
          },
          "sensitive_attributes": [
            [
              {
                "type": "get_attr",
                "value": "sensitive_content"
              }
            ]
          ],
          "identity_schema_version": 0
        }
      ]
    }
  ],
  "check_results": null
}
